
Microsoft Visual Studio Solution File, Format Version 12.00
# Visual Studio Version 16
VisualStudioVersion = 16.0.30804.86
MinimumVisualStudioVersion = 10.0.40219.1
Project("{FAE04EC0-301F-11D3-BF4B-00C04F79EFBC}") = "RDR2Volume", "RDR2Volume\RDR2Volume.csproj", "{AB83153C-F1AC-477C-8886-02D2570C9DAF}"
EndProject
Global
	GlobalSection(SolutionConfigurationPlatforms) = preSolution
		Debug|Any CPU = Debug|Any CPU
		Release|Any CPU = Release|Any CPU
	EndGlobalSection
	GlobalSection(ProjectConfigurationPlatforms) = postSolution
		{AB83153C-F1AC-477C-8886-02D2570C9DAF}.Debug|Any CPU.ActiveCfg = Debug|Any CPU
		{AB83153C-F1AC-477C-8886-02D2570C9DAF}.Debug|Any CPU.Build.0 = Debug|Any CPU
		{AB83153C-F1AC-477C-8886-02D2570C9DAF}.Release|Any CPU.ActiveCfg = Release|Any CPU
		{AB83153C-F1AC-477C-8886-02D2570C9DAF}.Release|Any CPU.Build.0 = Release|Any CPU
	EndGlobalSection
	GlobalSection(SolutionProperties) = preSolution
		HideSolutionNode = FALSE
	EndGlobalSection
	GlobalSection(ExtensibilityGlobals) = postSolution
		SolutionGuid = {F0679C5F-4167-4624-A2C2-C1D8C4C885E9}
	EndGlobalSection
EndGlobal
